
Microsoft Visual Studio Solution File, Format Version 12.00
# Visual Studio Version 17
VisualStudioVersion = 17.12.35410.144
MinimumVisualStudioVersion = 10.0.40219.1
Project("{2150E333-8FDC-42A3-9474-1A3956D46DE8}") = "01-Intro", "01-Intro", "{867C3AA2-2A10-4AA7-8586-5BA09B6EC9D7}"
EndProject
Project("{FAE04EC0-301F-11D3-BF4B-00C04F79EFBC}") = "IntroApp", "IntroApp\IntroApp.csproj", "{782A07FC-71C5-411F-807A-0A3C91F7564C}"
EndProject
Project("{FAE04EC0-301F-11D3-BF4B-00C04F79EFBC}") = "RealtimeInteractiveConsole", "frontline-delivery\RealtimeInteractiveConsole.csproj", "{5A49BCA9-5663-47B9-A94E-C3F098CBE86C}"
EndProject
Project("{2150E333-8FDC-42A3-9474-1A3956D46DE8}") = "02-BestPractices", "02-BestPractices", "{E5EC7681-C357-4783-A697-70198DCE0647}"
EndProject
Project("{FAE04EC0-301F-11D3-BF4B-00C04F79EFBC}") = "MinimalApi", "MinimalApi\MinimalApi.csproj", "{B0E1AD2A-87F5-4F67-8152-79AA8EBAD07D}"
EndProject
Project("{2150E333-8FDC-42A3-9474-1A3956D46DE8}") = "Prompt", "Prompt", "{A2EC0FCD-5915-438E-ABC1-15348150FB78}"
EndProject
Project("{FAE04EC0-301F-11D3-BF4B-00C04F79EFBC}") = "TravelWeather", "TravelWeather\TravelWeather.csproj", "{28434F70-C622-41EE-A13F-3FC86D3B5AA9}"
EndProject
Global
	GlobalSection(SolutionConfigurationPlatforms) = preSolution
		Debug|Any CPU = Debug|Any CPU
		Release|Any CPU = Release|Any CPU
	EndGlobalSection
	GlobalSection(ProjectConfigurationPlatforms) = postSolution
		{782A07FC-71C5-411F-807A-0A3C91F7564C}.Debug|Any CPU.ActiveCfg = Debug|Any CPU
		{782A07FC-71C5-411F-807A-0A3C91F7564C}.Debug|Any CPU.Build.0 = Debug|Any CPU
		{782A07FC-71C5-411F-807A-0A3C91F7564C}.Release|Any CPU.ActiveCfg = Release|Any CPU
		{782A07FC-71C5-411F-807A-0A3C91F7564C}.Release|Any CPU.Build.0 = Release|Any CPU
		{5A49BCA9-5663-47B9-A94E-C3F098CBE86C}.Debug|Any CPU.ActiveCfg = Debug|Any CPU
		{5A49BCA9-5663-47B9-A94E-C3F098CBE86C}.Debug|Any CPU.Build.0 = Debug|Any CPU
		{5A49BCA9-5663-47B9-A94E-C3F098CBE86C}.Release|Any CPU.ActiveCfg = Release|Any CPU
		{5A49BCA9-5663-47B9-A94E-C3F098CBE86C}.Release|Any CPU.Build.0 = Release|Any CPU
		{B0E1AD2A-87F5-4F67-8152-79AA8EBAD07D}.Debug|Any CPU.ActiveCfg = Debug|Any CPU
		{B0E1AD2A-87F5-4F67-8152-79AA8EBAD07D}.Debug|Any CPU.Build.0 = Debug|Any CPU
		{B0E1AD2A-87F5-4F67-8152-79AA8EBAD07D}.Release|Any CPU.ActiveCfg = Release|Any CPU
		{B0E1AD2A-87F5-4F67-8152-79AA8EBAD07D}.Release|Any CPU.Build.0 = Release|Any CPU
		{28434F70-C622-41EE-A13F-3FC86D3B5AA9}.Debug|Any CPU.ActiveCfg = Debug|Any CPU
		{28434F70-C622-41EE-A13F-3FC86D3B5AA9}.Debug|Any CPU.Build.0 = Debug|Any CPU
		{28434F70-C622-41EE-A13F-3FC86D3B5AA9}.Release|Any CPU.ActiveCfg = Release|Any CPU
		{28434F70-C622-41EE-A13F-3FC86D3B5AA9}.Release|Any CPU.Build.0 = Release|Any CPU
	EndGlobalSection
	GlobalSection(SolutionProperties) = preSolution
		HideSolutionNode = FALSE
	EndGlobalSection
	GlobalSection(NestedProjects) = preSolution
		{782A07FC-71C5-411F-807A-0A3C91F7564C} = {867C3AA2-2A10-4AA7-8586-5BA09B6EC9D7}
		{5A49BCA9-5663-47B9-A94E-C3F098CBE86C} = {867C3AA2-2A10-4AA7-8586-5BA09B6EC9D7}
		{B0E1AD2A-87F5-4F67-8152-79AA8EBAD07D} = {E5EC7681-C357-4783-A697-70198DCE0647}
		{28434F70-C622-41EE-A13F-3FC86D3B5AA9} = {A2EC0FCD-5915-438E-ABC1-15348150FB78}
	EndGlobalSection
EndGlobal
